
Microsoft Visual Studio Solution File, Format Version 12.00
# Visual Studio Version 17
VisualStudioVersion = 17.5.002.0
MinimumVisualStudioVersion = 10.0.40219.1
Project("{9A19103F-16F7-4668-BE54-9A1E7A4F7556}") = "tde14", "tde14.csproj", "{C927A54B-B1A7-4E45-9A01-65B7090850B6}"
EndProject
Global
	GlobalSection(SolutionConfigurationPlatforms) = preSolution
		Debug|Any CPU = Debug|Any CPU
		Release|Any CPU = Release|Any CPU
	EndGlobalSection
	GlobalSection(ProjectConfigurationPlatforms) = postSolution
		{C927A54B-B1A7-4E45-9A01-65B7090850B6}.Debug|Any CPU.ActiveCfg = Debug|Any CPU
		{C927A54B-B1A7-4E45-9A01-65B7090850B6}.Debug|Any CPU.Build.0 = Debug|Any CPU
		{C927A54B-B1A7-4E45-9A01-65B7090850B6}.Release|Any CPU.ActiveCfg = Release|Any CPU
		{C927A54B-B1A7-4E45-9A01-65B7090850B6}.Release|Any CPU.Build.0 = Release|Any CPU
	EndGlobalSection
	GlobalSection(SolutionProperties) = preSolution
		HideSolutionNode = FALSE
	EndGlobalSection
	GlobalSection(ExtensibilityGlobals) = postSolution
		SolutionGuid = {8BF96A25-7BAA-4C49-AB8E-0703BD676EDF}
	EndGlobalSection
EndGlobal
